
Microsoft Visual Studio Solution File, Format Version 12.00
# Visual Studio Version 16
VisualStudioVersion = 16.0.30611.23
MinimumVisualStudioVersion = 10.0.40219.1
Project("{FAE04EC0-301F-11D3-BF4B-00C04F79EFBC}") = "HelloWorld", "HelloWorld\HelloWorld.csproj", "{92548046-E1BD-4D95-B624-7FF50A33C065}"
EndProject
Global
	GlobalSection(SolutionConfigurationPlatforms) = preSolution
		Debug|Any CPU = Debug|Any CPU
		Release|Any CPU = Release|Any CPU
	EndGlobalSection
	GlobalSection(ProjectConfigurationPlatforms) = postSolution
		{92548046-E1BD-4D95-B624-7FF50A33C065}.Debug|Any CPU.ActiveCfg = Debug|Any CPU
		{92548046-E1BD-4D95-B624-7FF50A33C065}.Debug|Any CPU.Build.0 = Debug|Any CPU
		{92548046-E1BD-4D95-B624-7FF50A33C065}.Release|Any CPU.ActiveCfg = Release|Any CPU
		{92548046-E1BD-4D95-B624-7FF50A33C065}.Release|Any CPU.Build.0 = Release|Any CPU
	EndGlobalSection
	GlobalSection(SolutionProperties) = preSolution
		HideSolutionNode = FALSE
	EndGlobalSection
	GlobalSection(ExtensibilityGlobals) = postSolution
		SolutionGuid = {ECCF62F3-6BCB-4CA0-9B64-2C1E7148A3B2}
	EndGlobalSection
EndGlobal
